
Microsoft Visual Studio Solution File, Format Version 12.00
# Visual Studio Version 17
VisualStudioVersion = 17.0.32112.339
MinimumVisualStudioVersion = 10.0.40219.1
Project("{8BC9CEB8-8B4A-11D0-8D11-00A0C91BC942}") = "CPP_EXAM2", "CPP_EXAM2\CPP_EXAM2.vcxproj", "{7AD76439-60A6-4691-BEBE-7561DFB167DC}"
EndProject
Project("{8BC9CEB8-8B4A-11D0-8D11-00A0C91BC942}") = "CPPIOExam", "CPPIOExam\CPPIOExam.vcxproj", "{757ACBB8-BA14-4A9A-BF37-5AFD30B77466}"
EndProject
Project("{8BC9CEB8-8B4A-11D0-8D11-00A0C91BC942}") = "CIOExam", "CIOExam\CIOExam.vcxproj", "{8BD3258C-0CDD-4458-96E8-F494CDDA174A}"
EndProject
Project("{8BC9CEB8-8B4A-11D0-8D11-00A0C91BC942}") = "CPPStringExam", "CPPStringExam\CPPStringExam.vcxproj", "{A2A0537F-D0FA-4EAD-8D6E-25DED30B433E}"
EndProject
Project("{8BC9CEB8-8B4A-11D0-8D11-00A0C91BC942}") = "CPPConditionExam", "CPPConditionExam\CPPConditionExam.vcxproj", "{7940EA6D-3B39-4A4E-A4DD-EA6BDC9B860E}"
EndProject
Global
	GlobalSection(SolutionConfigurationPlatforms) = preSolution
		Debug|x64 = Debug|x64
		Debug|x86 = Debug|x86
		Release|x64 = Release|x64
		Release|x86 = Release|x86
	EndGlobalSection
	GlobalSection(ProjectConfigurationPlatforms) = postSolution
		{7AD76439-60A6-4691-BEBE-7561DFB167DC}.Debug|x64.ActiveCfg = Debug|x64
		{7AD76439-60A6-4691-BEBE-7561DFB167DC}.Debug|x64.Build.0 = Debug|x64
		{7AD76439-60A6-4691-BEBE-7561DFB167DC}.Debug|x86.ActiveCfg = Debug|Win32
		{7AD76439-60A6-4691-BEBE-7561DFB167DC}.Debug|x86.Build.0 = Debug|Win32
		{7AD76439-60A6-4691-BEBE-7561DFB167DC}.Release|x64.ActiveCfg = Release|x64
		{7AD76439-60A6-4691-BEBE-7561DFB167DC}.Release|x64.Build.0 = Release|x64
		{7AD76439-60A6-4691-BEBE-7561DFB167DC}.Release|x86.ActiveCfg = Release|Win32
		{7AD76439-60A6-4691-BEBE-7561DFB167DC}.Release|x86.Build.0 = Release|Win32
		{757ACBB8-BA14-4A9A-BF37-5AFD30B77466}.Debug|x64.ActiveCfg = Debug|x64
		{757ACBB8-BA14-4A9A-BF37-5AFD30B77466}.Debug|x64.Build.0 = Debug|x64
		{757ACBB8-BA14-4A9A-BF37-5AFD30B77466}.Debug|x86.ActiveCfg = Debug|Win32
		{757ACBB8-BA14-4A9A-BF37-5AFD30B77466}.Debug|x86.Build.0 = Debug|Win32
		{757ACBB8-BA14-4A9A-BF37-5AFD30B77466}.Release|x64.ActiveCfg = Release|x64
		{757ACBB8-BA14-4A9A-BF37-5AFD30B77466}.Release|x64.Build.0 = Release|x64
		{757ACBB8-BA14-4A9A-BF37-5AFD30B77466}.Release|x86.ActiveCfg = Release|Win32
		{757ACBB8-BA14-4A9A-BF37-5AFD30B77466}.Release|x86.Build.0 = Release|Win32
		{8BD3258C-0CDD-4458-96E8-F494CDDA174A}.Debug|x64.ActiveCfg = Debug|x64
		{8BD3258C-0CDD-4458-96E8-F494CDDA174A}.Debug|x64.Build.0 = Debug|x64
		{8BD3258C-0CDD-4458-96E8-F494CDDA174A}.Debug|x86.ActiveCfg = Debug|Win32
		{8BD3258C-0CDD-4458-96E8-F494CDDA174A}.Debug|x86.Build.0 = Debug|Win32
		{8BD3258C-0CDD-4458-96E8-F494CDDA174A}.Release|x64.ActiveCfg = Release|x64
		{8BD3258C-0CDD-4458-96E8-F494CDDA174A}.Release|x64.Build.0 = Release|x64
		{8BD3258C-0CDD-4458-96E8-F494CDDA174A}.Release|x86.ActiveCfg = Release|Win32
		{8BD3258C-0CDD-4458-96E8-F494CDDA174A}.Release|x86.Build.0 = Release|Win32
		{A2A0537F-D0FA-4EAD-8D6E-25DED30B433E}.Debug|x64.ActiveCfg = Debug|x64
		{A2A0537F-D0FA-4EAD-8D6E-25DED30B433E}.Debug|x64.Build.0 = Debug|x64
		{A2A0537F-D0FA-4EAD-8D6E-25DED30B433E}.Debug|x86.ActiveCfg = Debug|Win32
		{A2A0537F-D0FA-4EAD-8D6E-25DED30B433E}.Debug|x86.Build.0 = Debug|Win32
		{A2A0537F-D0FA-4EAD-8D6E-25DED30B433E}.Release|x64.ActiveCfg = Release|x64
		{A2A0537F-D0FA-4EAD-8D6E-25DED30B433E}.Release|x64.Build.0 = Release|x64
		{A2A0537F-D0FA-4EAD-8D6E-25DED30B433E}.Release|x86.ActiveCfg = Release|Win32
		{A2A0537F-D0FA-4EAD-8D6E-25DED30B433E}.Release|x86.Build.0 = Release|Win32
		{7940EA6D-3B39-4A4E-A4DD-EA6BDC9B860E}.Debug|x64.ActiveCfg = Debug|x64
		{7940EA6D-3B39-4A4E-A4DD-EA6BDC9B860E}.Debug|x64.Build.0 = Debug|x64
		{7940EA6D-3B39-4A4E-A4DD-EA6BDC9B860E}.Debug|x86.ActiveCfg = Debug|Win32
		{7940EA6D-3B39-4A4E-A4DD-EA6BDC9B860E}.Debug|x86.Build.0 = Debug|Win32
		{7940EA6D-3B39-4A4E-A4DD-EA6BDC9B860E}.Release|x64.ActiveCfg = Release|x64
		{7940EA6D-3B39-4A4E-A4DD-EA6BDC9B860E}.Release|x64.Build.0 = Release|x64
		{7940EA6D-3B39-4A4E-A4DD-EA6BDC9B860E}.Release|x86.ActiveCfg = Release|Win32
		{7940EA6D-3B39-4A4E-A4DD-EA6BDC9B860E}.Release|x86.Build.0 = Release|Win32
	EndGlobalSection
	GlobalSection(SolutionProperties) = preSolution
		HideSolutionNode = FALSE
	EndGlobalSection
	GlobalSection(ExtensibilityGlobals) = postSolution
		SolutionGuid = {4BAAF6DB-849F-4CA5-9BA1-5A0F5A6E332D}
	EndGlobalSection
EndGlobal
